PODS:
  - AdColony (4.7.2)
  - Adjust (4.29.6):
    - Adjust/Core (= 4.29.6)
  - Adjust/Core (4.29.6)
  - Ads-Global (3.7.0.7):
    - Ads-Global/BUAdSDK (= 3.7.0.7)
  - Ads-Global/BUAdSDK (3.7.0.7):
    - Ads-Global/BUFoundation
    - Ads-Global/International
  - Ads-Global/BUFoundation (3.7.0.7)
  - Ads-Global/International (3.7.0.7)
  - AmazonAd (3.1.0)
  - AmazonPublisherServicesSDK (3.3.0)
  - APDAdColonyAdapter (2.10.3.1):
    - AdColony (= 4.7.2)
    - Appodeal (= 2.10.3)
    - BDMAdColonyAdapter (~> 1.8.0.0)
  - APDAmazonAdsAdapter (2.10.3.1):
    - AmazonAd (= 3.1.0)
    - Appodeal (= 2.10.3)
    - BDMAmazonAdapter (~> 1.8.0.0)
  - APDAppLovinAdapter (2.10.3.1):
    - AppLovinSDK (~> 10.3.5)
    - Appodeal (= 2.10.3)
  - APDBidMachineAdapter (2.10.3.1):
    - APDBidMachineAdapter/HeaderBidding (= 2.10.3.1)
    - Appodeal (= 2.10.3)
  - APDBidMachineAdapter/Core (2.10.3.1):
    - Appodeal (= 2.10.3)
    - BDMIABAdapter (~> 1.8.0.0)
    - BidMachine (= 1.8.0.0)
  - APDBidMachineAdapter/Criteo (2.10.3.1):
    - Appodeal (= 2.10.3)
    - BDMCriteoAdapter (~> 1.8.0.0)
  - APDBidMachineAdapter/HeaderBidding (2.10.3.1):
    - APDBidMachineAdapter/Core
    - APDBidMachineAdapter/Criteo
    - APDBidMachineAdapter/Pangle
    - Appodeal (= 2.10.3)
  - APDBidMachineAdapter/Pangle (2.10.3.1):
    - Appodeal (= 2.10.3)
    - BDMPangleAdapter (~> 1.8.0.0)
  - APDFacebookAudienceAdapter (2.10.3.1):
    - Appodeal (= 2.10.3)
    - BDMFacebookAdapter (~> 1.8.0.0)
    - FBAudienceNetwork (= 6.8.0)
  - APDGoogleAdMobAdapter (2.10.3.1):
    - Appodeal (= 2.10.3)
    - Google-Mobile-Ads-SDK (~> 8.12.0)
  - APDIronSourceAdapter (2.10.3.1):
    - Appodeal (= 2.10.3)
    - IronSourceSDK (~> 7.1.11)
  - APDMyTargetAdapter (2.10.3.1):
    - Appodeal (= 2.10.3)
    - BDMMyTargetAdapter (~> 1.8.0.0)
    - myTargetSDK (= 5.14.1)
  - APDOguryAdapter (2.10.3.1):
    - Appodeal (= 2.10.3)
    - OguryAds (~> 2.3.4)
  - APDUnityAdapter (2.10.3.1):
    - Appodeal (= 2.10.3)
    - UnityAds (= 3.7.5)
  - APDVungleAdapter (2.10.3.1):
    - Appodeal (= 2.10.3)
    - BDMVungleAdapter (~> 1.8.0.0)
    - VungleSDK-iOS (= 6.10.3)
  - APDYandexAdapter (2.10.3.1):
    - Appodeal (= 2.10.3)
    - YandexMobileAds (= 4.4.1)
  - AppLovinSDK (10.3.6)
  - Appodeal (2.10.3):
    - Protobuf (~> 3.19)
    - StackAnalytics (~> 1.2.0)
    - StackIAB (~> 1.5.0)
    - StackModules (~> 1.1.7)
  - AppsFlyerFramework (6.4.0):
    - AppsFlyerFramework/Main (= 6.4.0)
  - AppsFlyerFramework/Main (6.4.0)
  - BDMAdColonyAdapter (1.8.0.0):
    - AdColony (= 4.7.2)
    - BidMachine (~> 1.8.0.0)
  - BDMAmazonAdapter (1.8.0.0):
    - AmazonPublisherServicesSDK (= 3.3.0)
    - BidMachine (~> 1.8.0.0)
  - BDMCriteoAdapter (1.8.0.0):
    - BidMachine (~> 1.8.0.0)
    - CriteoPublisherSdk (= 4.3.3)
  - BDMFacebookAdapter (1.8.0.1):
    - BidMachine (~> 1.8.0.0)
    - FBAudienceNetwork (= 6.8.0)
  - BDMIABAdapter (1.8.0.0):
    - BDMIABAdapter/IAB (= 1.8.0.0)
  - BDMIABAdapter/IAB (1.8.0.0):
    - BDMIABAdapter/MRAID
    - BDMIABAdapter/NAST
    - BDMIABAdapter/VAST
  - BDMIABAdapter/MRAID (1.8.0.0):
    - BidMachine (~> 1.8.0.0)
    - StackIAB/StackMRAIDKit (~> 1.5.0)
  - BDMIABAdapter/NAST (1.8.0.0):
    - BidMachine (~> 1.8.0.0)
    - StackIAB/StackNASTKit (~> 1.5.0)
    - StackIAB/StackRichMedia (~> 1.5.0)
  - BDMIABAdapter/VAST (1.8.0.0):
    - BidMachine (~> 1.8.0.0)
    - StackIAB/StackVASTKit (~> 1.5.0)
  - BDMMyTargetAdapter (1.8.0.1):
    - BidMachine (~> 1.8.0.0)
    - myTargetSDK (= 5.14.1)
  - BDMPangleAdapter (1.8.0.0):
    - Ads-Global (= 3.7.0.7)
    - BidMachine (~> 1.8.0.0)
  - BDMVungleAdapter (1.8.0.1):
    - BidMachine (~> 1.8.0.0)
    - VungleSDK-iOS (= 6.10.3)
  - BidMachine (1.8.0.0):
    - BidMachine/Core (= 1.8.0.0)
  - BidMachine/Core (1.8.0.0):
    - Protobuf (~> 3.9)
    - StackModules (~> 1.1.0)
  - CriteoPublisherSdk (4.3.3):
    - CriteoPublisherSdk/Sdk (= 4.3.3)
  - CriteoPublisherSdk/Sdk (4.3.3)
  - FBAEMKit (12.0.0):
    - FBSDKCoreKit_Basics (= 12.0.0)
  - FBAudienceNetwork (6.8.0):
    - FBSDKCoreKit_Basics
  - FBSDKCoreKit (12.0.0):
    - FBAEMKit (= 12.0.0)
    - FBSDKCoreKit_Basics (= 12.0.0)
  - FBSDKCoreKit_Basics (12.0.0)
  - Firebase/Analytics (8.8.0):
    - Firebase/Core
  - Firebase/Core (8.8.0):
    - Firebase/CoreOnly
    - FirebaseAnalytics (~> 8.8.0)
  - Firebase/CoreOnly (8.8.0):
    - FirebaseCore (= 8.8.0)
  - Firebase/RemoteConfig (8.8.0):
    - Firebase/CoreOnly
    - FirebaseRemoteConfig (~> 8.8.0)
  - FirebaseABTesting (8.8.0):
    - FirebaseCore (~> 8.0)
  - FirebaseAnalytics (8.8.0):
    - FirebaseAnalytics/AdIdSupport (= 8.8.0)
    - FirebaseCore (~> 8.0)
    - FirebaseInstallations (~> 8.0)
    - GoogleUtilities/AppDelegateSwizzler (~> 7.4)
    - GoogleUtilities/MethodSwizzler (~> 7.4)
    - GoogleUtilities/Network (~> 7.4)
    - "GoogleUtilities/NSData+zlib (~> 7.4)"
    - nanopb (~> 2.30908.0)
  - FirebaseAnalytics/AdIdSupport (8.8.0):
    - FirebaseCore (~> 8.0)
    - FirebaseInstallations (~> 8.0)
    - GoogleAppMeasurement (= 8.8.0)
    - GoogleUtilities/AppDelegateSwizzler (~> 7.4)
    - GoogleUtilities/MethodSwizzler (~> 7.4)
    - GoogleUtilities/Network (~> 7.4)
    - "GoogleUtilities/NSData+zlib (~> 7.4)"
    - nanopb (~> 2.30908.0)
  - FirebaseCore (8.8.0):
    - FirebaseCoreDiagnostics (~> 8.0)
    - GoogleUtilities/Environment (~> 7.4)
    - GoogleUtilities/Logger (~> 7.4)
  - FirebaseCoreDiagnostics (8.8.0):
    - GoogleDataTransport (~> 9.0)
    - GoogleUtilities/Environment (~> 7.4)
    - GoogleUtilities/Logger (~> 7.4)
    - nanopb (~> 2.30908.0)
  - FirebaseInstallations (8.8.0):
    - FirebaseCore (~> 8.0)
    - GoogleUtilities/Environment (~> 7.4)
    - GoogleUtilities/UserDefaults (~> 7.4)
    - PromisesObjC (< 3.0, >= 1.2)
  - FirebaseRemoteConfig (8.8.0):
    - FirebaseABTesting (~> 8.0)
    - FirebaseCore (~> 8.0)
    - FirebaseInstallations (~> 8.0)
    - GoogleUtilities/Environment (~> 7.4)
    - "GoogleUtilities/NSData+zlib (~> 7.4)"
  - Google-Mobile-Ads-SDK (8.12.0):
    - GoogleAppMeasurement (< 9.0, >= 7.0)
    - GoogleUserMessagingPlatform (>= 1.1)
  - GoogleAppMeasurement (8.8.0):
    - GoogleAppMeasurement/AdIdSupport (= 8.8.0)
    - GoogleUtilities/AppDelegateSwizzler (~> 7.4)
    - GoogleUtilities/MethodSwizzler (~> 7.4)
    - GoogleUtilities/Network (~> 7.4)
    - "GoogleUtilities/NSData+zlib (~> 7.4)"
    - nanopb (~> 2.30908.0)
  - GoogleAppMeasurement/AdIdSupport (8.8.0):
    - GoogleAppMeasurement/WithoutAdIdSupport (= 8.8.0)
    - GoogleUtilities/AppDelegateSwizzler (~> 7.4)
    - GoogleUtilities/MethodSwizzler (~> 7.4)
    - GoogleUtilities/Network (~> 7.4)
    - "GoogleUtilities/NSData+zlib (~> 7.4)"
    - nanopb (~> 2.30908.0)
  - GoogleAppMeasurement/WithoutAdIdSupport (8.8.0):
    - GoogleUtilities/AppDelegateSwizzler (~> 7.4)
    - GoogleUtilities/MethodSwizzler (~> 7.4)
    - GoogleUtilities/Network (~> 7.4)
    - "GoogleUtilities/NSData+zlib (~> 7.4)"
    - nanopb (~> 2.30908.0)
  - GoogleDataTransport (9.1.0):
    - GoogleUtilities/Environment (~> 7.2)
    - nanopb (~> 2.30908.0)
    - PromisesObjC (< 3.0, >= 1.2)
  - GoogleUserMessagingPlatform (2.0.0)
  - GoogleUtilities/AppDelegateSwizzler (7.5.2):
    - GoogleUtilities/Environment
    - GoogleUtilities/Logger
    - GoogleUtilities/Network
  - GoogleUtilities/Environment (7.5.2):
    - PromisesObjC (< 3.0, >= 1.2)
  - GoogleUtilities/Logger (7.5.2):
    - GoogleUtilities/Environment
  - GoogleUtilities/MethodSwizzler (7.5.2):
    - GoogleUtilities/Logger
  - GoogleUtilities/Network (7.5.2):
    - GoogleUtilities/Logger
    - "GoogleUtilities/NSData+zlib"
    - GoogleUtilities/Reachability
  - "GoogleUtilities/NSData+zlib (7.5.2)"
  - GoogleUtilities/Reachability (7.5.2):
    - GoogleUtilities/Logger
  - GoogleUtilities/UserDefaults (7.5.2):
    - GoogleUtilities/Logger
  - IronSourceSDK (7.1.12.0)
  - myTargetSDK (5.14.1):
    - myTrackerSDK (~> 3.0.3)
  - myTrackerSDK (3.0.5)
  - nanopb (2.30908.0):
    - nanopb/decode (= 2.30908.0)
    - nanopb/encode (= 2.30908.0)
  - nanopb/decode (2.30908.0)
  - nanopb/encode (2.30908.0)
  - OguryAds (2.3.5):
    - OguryAds/OMID (= 2.3.5)
  - OguryAds/OMID (2.3.5)
  - PromisesObjC (2.0.0)
  - Protobuf (3.19.1)
  - StackAnalytics (1.2.1):
    - StackAnalytics/Full (= 1.2.1)
    - StackModules (~> 1.1.0)
  - StackAnalytics/Base (1.2.1):
    - StackModules (~> 1.1.0)
  - StackAnalytics/Crashes (1.2.1):
    - StackModules (~> 1.1.0)
  - StackAnalytics/Full (1.2.1):
    - StackAnalytics/Base
    - StackAnalytics/Crashes
    - StackModules (~> 1.1.0)
  - StackConsentManager (1.1.2)
  - StackIAB (1.5.2):
    - StackIAB/StackIABAssets (= 1.5.2)
    - StackIAB/StackMRAIDKit (= 1.5.2)
    - StackIAB/StackNASTKit (= 1.5.2)
    - StackIAB/StackOpenMeasure (= 1.5.2)
    - StackIAB/StackRichMedia (= 1.5.2)
    - StackIAB/StackVASTAssets (= 1.5.2)
    - StackIAB/StackVASTKit (= 1.5.2)
    - StackIAB/StackVideoPlayer (= 1.5.2)
    - StackIAB/StackXML (= 1.5.2)
    - StackModules (~> 1.1.7)
  - StackIAB/StackIABAssets (1.5.2):
    - StackModules (~> 1.1.7)
  - StackIAB/StackMRAIDKit (1.5.2):
    - StackIAB/StackIABAssets
    - StackIAB/StackOpenMeasure
    - StackModules (~> 1.1.7)
  - StackIAB/StackNASTKit (1.5.2):
    - StackIAB/StackVASTKit
    - StackModules (~> 1.1.7)
  - StackIAB/StackOpenMeasure (1.5.2):
    - StackModules (~> 1.1.7)
  - StackIAB/StackRichMedia (1.5.2):
    - StackIAB/StackIABAssets
    - StackIAB/StackVASTAssets
    - StackIAB/StackVideoPlayer
    - StackModules (~> 1.1.7)
  - StackIAB/StackVASTAssets (1.5.2):
    - StackIAB/StackIABAssets
    - StackIAB/StackXML
    - StackModules (~> 1.1.7)
  - StackIAB/StackVASTKit (1.5.2):
    - StackIAB/StackMRAIDKit
    - StackIAB/StackVASTAssets
    - StackIAB/StackVideoPlayer
    - StackModules (~> 1.1.7)
  - StackIAB/StackVideoPlayer (1.5.2):
    - StackModules (~> 1.1.7)
  - StackIAB/StackXML (1.5.2):
    - StackModules (~> 1.1.7)
  - StackModules (1.1.7):
    - StackModules/StackProductPresentation (= 1.1.7)
  - StackModules/StackFoundation (1.1.7)
  - StackModules/StackProductPresentation (1.1.7):
    - StackModules/StackUIKit
  - StackModules/StackUIKit (1.1.7):
    - StackModules/StackFoundation
  - UnityAds (3.7.5)
  - VungleSDK-iOS (6.10.3)
  - YandexMobileAds (4.4.1):
    - YandexMobileAds/Static (= 4.4.1)
  - YandexMobileAds/Static (4.4.1):
    - YandexMobileMetrica (< 4.0.0, >= 3.14.1)
  - YandexMobileMetrica (3.17.0):
    - YandexMobileMetrica/Static (= 3.17.0)
  - YandexMobileMetrica/Static (3.17.0):
    - YandexMobileMetrica/Static/Core (= 3.17.0)
    - YandexMobileMetrica/Static/Crashes (= 3.17.0)
  - YandexMobileMetrica/Static/Core (3.17.0)
  - YandexMobileMetrica/Static/Crashes (3.17.0):
    - YandexMobileMetrica/Static/Core

DEPENDENCIES:
  - Adjust (= 4.29.6)
  - APDAdColonyAdapter (= 2.10.3.1)
  - APDAmazonAdsAdapter (= 2.10.3.1)
  - APDAppLovinAdapter (= 2.10.3.1)
  - APDBidMachineAdapter (= 2.10.3.1)
  - APDFacebookAudienceAdapter (= 2.10.3.1)
  - APDGoogleAdMobAdapter (= 2.10.3.1)
  - APDIronSourceAdapter (= 2.10.3.1)
  - APDMyTargetAdapter (= 2.10.3.1)
  - APDOguryAdapter (= 2.10.3.1)
  - APDUnityAdapter (= 2.10.3.1)
  - APDVungleAdapter (= 2.10.3.1)
  - APDYandexAdapter (= 2.10.3.1)
  - Appodeal (= 2.10.3)
  - AppsFlyerFramework (= 6.4.0)
  - FBSDKCoreKit (= 12.0.0)
  - Firebase/Analytics (= 8.8.0)
  - Firebase/Core (= 8.8.0)
  - Firebase/RemoteConfig (= 8.8.0)
  - StackConsentManager (= 1.1.2)
  - StackIAB (= 1.5.2)

SPEC REPOS:
  https://github.com/appodeal/CocoaPods.git:
    - APDAdColonyAdapter
    - APDAmazonAdsAdapter
    - APDAppLovinAdapter
    - APDBidMachineAdapter
    - APDFacebookAudienceAdapter
    - APDGoogleAdMobAdapter
    - APDIronSourceAdapter
    - APDMyTargetAdapter
    - APDOguryAdapter
    - APDUnityAdapter
    - APDVungleAdapter
    - APDYandexAdapter
    - Appodeal
  trunk:
    - AdColony
    - Adjust
    - Ads-Global
    - AmazonAd
    - AmazonPublisherServicesSDK
    - AppLovinSDK
    - AppsFlyerFramework
    - BDMAdColonyAdapter
    - BDMAmazonAdapter
    - BDMCriteoAdapter
    - BDMFacebookAdapter
    - BDMIABAdapter
    - BDMMyTargetAdapter
    - BDMPangleAdapter
    - BDMVungleAdapter
    - BidMachine
    - CriteoPublisherSdk
    - FBAEMKit
    - FBAudienceNetwork
    - FBSDKCoreKit
    - FBSDKCoreKit_Basics
    - Firebase
    - FirebaseABTesting
    - FirebaseAnalytics
    - FirebaseCore
    - FirebaseCoreDiagnostics
    - FirebaseInstallations
    - FirebaseRemoteConfig
    - Google-Mobile-Ads-SDK
    - GoogleAppMeasurement
    - GoogleDataTransport
    - GoogleUserMessagingPlatform
    - GoogleUtilities
    - IronSourceSDK
    - myTargetSDK
    - myTrackerSDK
    - nanopb
    - OguryAds
    - PromisesObjC
    - Protobuf
    - StackAnalytics
    - StackConsentManager
    - StackIAB
    - StackModules
    - UnityAds
    - VungleSDK-iOS
    - YandexMobileAds
    - YandexMobileMetrica

SPEC CHECKSUMS:
  AdColony: 970af2bff1e500c8a681bfcbd85f8054c0f57071
  Adjust: 94f1c99429fb2a7ebe530294fd66a88d63a54922
  Ads-Global: 181a0b751db8694b6a50798977f52f0ae803673a
  AmazonAd: 9adf416ea36ca2325ce2040c0cf124f071089904
  AmazonPublisherServicesSDK: 12ec8a797b49796f2714d5f99235370e24bf93e6
  APDAdColonyAdapter: 90f75606f9c2291b856330cbc9683f26676de850
  APDAmazonAdsAdapter: 2afc75af46b90110f14c4a6bb71af2cf66e9c2d8
  APDAppLovinAdapter: c3ae3289998a8a52bacd42dd9885f5504faa6b32
  APDBidMachineAdapter: fa521b23e18ce1c4d2c1c856d6df0644ab19d9d0
  APDFacebookAudienceAdapter: 368a3af308374cf0761f2a6d2645de831e8bcaaf
  APDGoogleAdMobAdapter: 59b06ae10a5fcad9825130b9387486a3fe21d8c8
  APDIronSourceAdapter: a88609955d236eb7b72a20f8a5e7d74add3b68cd
  APDMyTargetAdapter: f0d098f16da3629766d59aec9a6af9a90a967c37
  APDOguryAdapter: 34bdfd5f6b83300a9d71afea10bf1a7632b56800
  APDUnityAdapter: 46c681e65609e09c0a3d19e52a9ee572cb4c721a
  APDVungleAdapter: 6b93d388d83dcf3a4486ae6694b02a100f5147e3
  APDYandexAdapter: c282d91206706cde48a4c7f5fe1fa32950a32837
  AppLovinSDK: 6c261fe2ba6ed53969fcfb40aabd41cd3e7d9373
  Appodeal: 6595beb3294bf009b70a61bcceee0bc0871bcb40
  AppsFlyerFramework: 9c37252d3edce38257afc065ad48a48c0f004000
  BDMAdColonyAdapter: 446cb72ebb037f021a820f271f2836be89969f1e
  BDMAmazonAdapter: ef66f53c35f73cdf5e0019bea39c9d0cd4c0b60d
  BDMCriteoAdapter: ebc177d997f22c6e150ed5aa1d24027a256e70bb
  BDMFacebookAdapter: 425e37ff42a42642c65be749e358c46618734ef6
  BDMIABAdapter: 2886e1f0b8882dc8f730942f51180971a13e23cc
  BDMMyTargetAdapter: b95a24017585952021cac4163b1fe8ad8010dfff
  BDMPangleAdapter: 15eec81cd9a195ca31b45639efb0f5e3bec01e90
  BDMVungleAdapter: c797a08449eea383f5a101a5ea86b2238d60f4dc
  BidMachine: 4919ec9c4847b98108b11644979c98da28c3c4c2
  CriteoPublisherSdk: e0c7343d21474ac9a5381c002f2b3f40438f86ba
  FBAEMKit: 7eff0522e86d66591d080612882fa0784026926b
  FBAudienceNetwork: 9f9887e50468e83d3524540bea2a1db37c3fe90b
  FBSDKCoreKit: 23481c9231b64ce25b0980b0a270f1b10aae91ee
  FBSDKCoreKit_Basics: 99ca5885c4fe153462ae3370edd60077394911c1
  Firebase: 629510f1a9ddb235f3a7c5c8ceb23ba887f0f814
  FirebaseABTesting: 981336dd14d84787e33466e4247f77ec2343f8d9
  FirebaseAnalytics: 5506ea8b867d8423485a84b4cd612d279f7b0b8a
  FirebaseCore: 98b29e3828f0a53651c363937a7f7d92a19f1ba2
  FirebaseCoreDiagnostics: fe77f42da6329d6d83d21fd9d621a6b704413bfc
  FirebaseInstallations: 2563cb18a723ef9c6ef18318a49519b75dce613c
  FirebaseRemoteConfig: f6365883d7950d784ee97bcdbbf1e442d4fa6119
  Google-Mobile-Ads-SDK: fb31b6ef68ef352b551ee29585cd9ceb07230cd0
  GoogleAppMeasurement: 5ba1164e3c844ba84272555e916d0a6d3d977e91
  GoogleDataTransport: 85fd18ff3019bb85d3f2c551d04c481dedf71fc9
  GoogleUserMessagingPlatform: ab890ce5f6620f293a21b6bdd82e416a2c73aeca
  GoogleUtilities: 8de2a97a17e15b6b98e38e8770e2d129a57c0040
  IronSourceSDK: f8c439ff772b2b6f4b826054d661238d4d3c4d53
  myTargetSDK: a664db05e853f8a1e74e76da2b74969453c9a3e6
  myTrackerSDK: 849a3e17b0dcb2556d6825c8523deaf16aaadf0b
  nanopb: a0ba3315591a9ae0a16a309ee504766e90db0c96
  OguryAds: 8dccce073aea7e11ddb83f1122e8ee65bf33f3c3
  PromisesObjC: 68159ce6952d93e17b2dfe273b8c40907db5ba58
  Protobuf: 3724efa50cb2846d7ccebc8691c574e85fd74471
  StackAnalytics: 012be5ae16c8f5005eb9a2e1557b37eaaf96f71d
  StackConsentManager: 667f84fb7ecfa997b978ce3dfdd9809ade0811cd
  StackIAB: 49e1b3215c061f2bbe39198af34edd502bdee1ae
  StackModules: 1c06d847d4bac095da46b8257ddb7b423ccfa305
  UnityAds: 9adbfd8ccc008e4e3e7b1bcf5666a126df4f1a8e
  VungleSDK-iOS: b370edd2e5787ecb25fc9332941deb1e1ca8176e
  YandexMobileAds: 8796ef1269362c2df9709914d28c17280b030d6b
  YandexMobileMetrica: 9e713c16bb6aca0ba63b84c8d7b8b86d32f4ecc4

PODFILE CHECKSUM: ac373d73bc90b74f998c1d144c0955b641b111ee

COCOAPODS: 1.11.2
