PODS:
  - Adjust (4.29.2):
    - Adjust/Core (= 4.29.2)
  - Adjust/Core (4.29.2)
  - AdjustPurchase (1.0.0):
    - AdjustPurchase/Core (= 1.0.0)
  - AdjustPurchase/Core (1.0.0)
  - Appodeal (2.10.1):
    - Protobuf (~> 3.12)
    - StackCrashReporter (= 1.0.0-Beta)
    - StackIAB (~> 1.4.1)
    - StackModules (~> 1.1.0)
  - AppsFlyerFramework (6.3.1):
    - AppsFlyerFramework/Main (= 6.3.1)
  - AppsFlyerFramework/Main (6.3.1)
  - FBSDKCoreKit (9.3.0):
    - FBSDKCoreKit/Basics (= 9.3.0)
    - FBSDKCoreKit/Core (= 9.3.0)
  - FBSDKCoreKit/Basics (9.3.0)
  - FBSDKCoreKit/Core (9.3.0):
    - FBSDKCoreKit/Basics
  - Firebase/Analytics (8.1.1):
    - Firebase/Core
  - Firebase/Core (8.1.1):
    - Firebase/CoreOnly
    - FirebaseAnalytics (~> 8.1.0)
  - Firebase/CoreOnly (8.1.1):
    - FirebaseCore (= 8.1.0)
  - Firebase/RemoteConfig (8.1.1):
    - Firebase/CoreOnly
    - FirebaseRemoteConfig (~> 8.1.0)
  - FirebaseABTesting (8.1.0):
    - FirebaseCore (~> 8.0)
  - FirebaseAnalytics (8.1.1):
    - FirebaseAnalytics/AdIdSupport (= 8.1.1)
    - FirebaseCore (~> 8.0)
    - FirebaseInstallations (~> 8.0)
    - GoogleUtilities/AppDelegateSwizzler (~> 7.4)
    - GoogleUtilities/MethodSwizzler (~> 7.4)
    - GoogleUtilities/Network (~> 7.4)
    - "GoogleUtilities/NSData+zlib (~> 7.4)"
    - nanopb (~> 2.30908.0)
  - FirebaseAnalytics/AdIdSupport (8.1.1):
    - FirebaseAnalytics/Base (= 8.1.1)
    - FirebaseCore (~> 8.0)
    - FirebaseInstallations (~> 8.0)
    - GoogleAppMeasurement (= 8.1.1)
    - GoogleUtilities/AppDelegateSwizzler (~> 7.4)
    - GoogleUtilities/MethodSwizzler (~> 7.4)
    - GoogleUtilities/Network (~> 7.4)
    - "GoogleUtilities/NSData+zlib (~> 7.4)"
    - nanopb (~> 2.30908.0)
  - FirebaseAnalytics/Base (8.1.1):
    - FirebaseCore (~> 8.0)
    - FirebaseInstallations (~> 8.0)
    - GoogleUtilities/AppDelegateSwizzler (~> 7.4)
    - GoogleUtilities/MethodSwizzler (~> 7.4)
    - GoogleUtilities/Network (~> 7.4)
    - "GoogleUtilities/NSData+zlib (~> 7.4)"
    - nanopb (~> 2.30908.0)
  - FirebaseCore (8.1.0):
    - FirebaseCoreDiagnostics (~> 8.0)
    - GoogleUtilities/Environment (~> 7.4)
    - GoogleUtilities/Logger (~> 7.4)
  - FirebaseCoreDiagnostics (8.1.0):
    - GoogleDataTransport (~> 9.0)
    - GoogleUtilities/Environment (~> 7.4)
    - GoogleUtilities/Logger (~> 7.4)
    - nanopb (~> 2.30908.0)
  - FirebaseInstallations (8.1.0):
    - FirebaseCore (~> 8.0)
    - GoogleUtilities/Environment (~> 7.4)
    - GoogleUtilities/UserDefaults (~> 7.4)
    - PromisesObjC (~> 1.2)
  - FirebaseRemoteConfig (8.1.0):
    - FirebaseABTesting (~> 8.0)
    - FirebaseCore (~> 8.0)
    - FirebaseInstallations (~> 8.0)
    - GoogleUtilities/Environment (~> 7.4)
    - "GoogleUtilities/NSData+zlib (~> 7.4)"
  - GoogleAppMeasurement (8.1.1):
    - GoogleAppMeasurement/AdIdSupport (= 8.1.1)
    - GoogleUtilities/AppDelegateSwizzler (~> 7.4)
    - GoogleUtilities/MethodSwizzler (~> 7.4)
    - GoogleUtilities/Network (~> 7.4)
    - "GoogleUtilities/NSData+zlib (~> 7.4)"
    - nanopb (~> 2.30908.0)
  - GoogleAppMeasurement/AdIdSupport (8.1.1):
    - GoogleUtilities/AppDelegateSwizzler (~> 7.4)
    - GoogleUtilities/MethodSwizzler (~> 7.4)
    - GoogleUtilities/Network (~> 7.4)
    - "GoogleUtilities/NSData+zlib (~> 7.4)"
    - nanopb (~> 2.30908.0)
  - GoogleDataTransport (9.0.1):
    - GoogleUtilities/Environment (~> 7.2)
    - nanopb (~> 2.30908.0)
    - PromisesObjC (~> 1.2)
  - GoogleUtilities/AppDelegateSwizzler (7.4.1):
    - GoogleUtilities/Environment
    - GoogleUtilities/Logger
    - GoogleUtilities/Network
  - GoogleUtilities/Environment (7.4.1):
    - PromisesObjC (~> 1.2)
  - GoogleUtilities/Logger (7.4.1):
    - GoogleUtilities/Environment
  - GoogleUtilities/MethodSwizzler (7.4.1):
    - GoogleUtilities/Logger
  - GoogleUtilities/Network (7.4.1):
    - GoogleUtilities/Logger
    - "GoogleUtilities/NSData+zlib"
    - GoogleUtilities/Reachability
  - "GoogleUtilities/NSData+zlib (7.4.1)"
  - GoogleUtilities/Reachability (7.4.1):
    - GoogleUtilities/Logger
  - GoogleUtilities/UserDefaults (7.4.1):
    - GoogleUtilities/Logger
  - nanopb (2.30908.0):
    - nanopb/decode (= 2.30908.0)
    - nanopb/encode (= 2.30908.0)
  - nanopb/decode (2.30908.0)
  - nanopb/encode (2.30908.0)
  - PromisesObjC (1.2.12)
  - Protobuf (3.17.0)
  - StackConsentManager (1.1.1)
  - StackCrashReporter (1.0.0-Beta)
  - StackIAB (1.4.2):
    - StackIAB/StackIABAssets (= 1.4.2)
    - StackIAB/StackMRAIDKit (= 1.4.2)
    - StackIAB/StackNASTKit (= 1.4.2)
    - StackIAB/StackOpenMeasure (= 1.4.2)
    - StackIAB/StackRichMedia (= 1.4.2)
    - StackIAB/StackVASTAssets (= 1.4.2)
    - StackIAB/StackVASTKit (= 1.4.2)
    - StackIAB/StackVideoPlayer (= 1.4.2)
    - StackIAB/StackXML (= 1.4.2)
    - StackModules (~> 1.1.0)
  - StackIAB/StackIABAssets (1.4.2):
    - StackModules (~> 1.1.0)
  - StackIAB/StackMRAIDKit (1.4.2):
    - StackIAB/StackIABAssets
    - StackIAB/StackOpenMeasure
    - StackModules (~> 1.1.0)
  - StackIAB/StackNASTKit (1.4.2):
    - StackIAB/StackVASTKit
    - StackModules (~> 1.1.0)
  - StackIAB/StackOpenMeasure (1.4.2):
    - StackModules (~> 1.1.0)
  - StackIAB/StackRichMedia (1.4.2):
    - StackIAB/StackIABAssets
    - StackIAB/StackVASTAssets
    - StackIAB/StackVideoPlayer
    - StackModules (~> 1.1.0)
  - StackIAB/StackVASTAssets (1.4.2):
    - StackIAB/StackIABAssets
    - StackIAB/StackXML
    - StackModules (~> 1.1.0)
  - StackIAB/StackVASTKit (1.4.2):
    - StackIAB/StackMRAIDKit
    - StackIAB/StackVASTAssets
    - StackIAB/StackVideoPlayer
    - StackModules (~> 1.1.0)
  - StackIAB/StackVideoPlayer (1.4.2):
    - StackModules (~> 1.1.0)
  - StackIAB/StackXML (1.4.2):
    - StackModules (~> 1.1.0)
  - StackModules (1.1.3):
    - StackModules/StackProductPresentation (= 1.1.3)
  - StackModules/StackFoundation (1.1.3)
  - StackModules/StackProductPresentation (1.1.3):
    - StackModules/StackUIKit
  - StackModules/StackUIKit (1.1.3):
    - StackModules/StackFoundation

DEPENDENCIES:
  - Adjust (~> 4.29.2)
  - AdjustPurchase (from `https://github.com/adjust/ios_purchase_sdk`, tag `v1.0.0`)
  - Appodeal (>= 2.9)
  - AppsFlyerFramework (>= 5.3)
  - FBSDKCoreKit (< 11.0, >= 9.3)
  - Firebase/Analytics (>= 8.0.0)
  - Firebase/Core (>= 8.0.0)
  - Firebase/RemoteConfig (>= 8.0.0)
  - StackConsentManager (>= 1.1.0)

SPEC REPOS:
  https://github.com/appodeal/CocoaPods.git:
    - StackModules
  trunk:
    - Adjust
    - Appodeal
    - AppsFlyerFramework
    - FBSDKCoreKit
    - Firebase
    - FirebaseABTesting
    - FirebaseAnalytics
    - FirebaseCore
    - FirebaseCoreDiagnostics
    - FirebaseInstallations
    - FirebaseRemoteConfig
    - GoogleAppMeasurement
    - GoogleDataTransport
    - GoogleUtilities
    - nanopb
    - PromisesObjC
    - Protobuf
    - StackConsentManager
    - StackCrashReporter
    - StackIAB

EXTERNAL SOURCES:
  AdjustPurchase:
    :git: https://github.com/adjust/ios_purchase_sdk
    :tag: v1.0.0

CHECKOUT OPTIONS:
  AdjustPurchase:
    :git: https://github.com/adjust/ios_purchase_sdk
    :tag: v1.0.0

SPEC CHECKSUMS:
  Adjust: 0b649decc070365365bec4e4b8d8bf6e49fe1746
  AdjustPurchase: ec15f1fd2773bd2907b5ce949cd54a09470f0b0f
  Appodeal: 1bb4a1d29eff4c30deab00ec04103ee0bf4279c1
  AppsFlyerFramework: ea0232bd216ee54622da396479d95ad13d1dd2c3
  FBSDKCoreKit: 0d1ae58388a458b8222f72025804cdc84eb5d0c3
  Firebase: 4bb49ae87756034cef870fa3c4006235eb46f475
  FirebaseABTesting: 5b22abfa9a55d5b9cd3d1e500a3ca29f6b1264cb
  FirebaseAnalytics: d6dd061b26a04744cb988c66e29697181152b2a3
  FirebaseCore: 389c4ce9a7cce4a7e25eb22326b4bee0050557b2
  FirebaseCoreDiagnostics: 3e249cee3de5c5f9cfd6cc2a19997231286fec11
  FirebaseInstallations: 7f31798a8198c354eadcb87176d2090b62edc187
  FirebaseRemoteConfig: eef8513f6d368ba5c6ed6d1cb267b4d949cf65bf
  GoogleAppMeasurement: 31c7d7655818784b7dd34bdf6884f75b465d5f6c
  GoogleDataTransport: 04c3e9a480bbcaa2ec3f5d27f1cdeb6a92f20c8d
  GoogleUtilities: f8a43108b38a68eebe8b3540e1f4f2d28843ce20
  nanopb: a0ba3315591a9ae0a16a309ee504766e90db0c96
  PromisesObjC: 3113f7f76903778cf4a0586bd1ab89329a0b7b97
  Protobuf: 7327d4444215b5f18e560a97f879ff5503c4581c
  StackConsentManager: 6034d21fa46394bbb2a1192c67182ff40f37d1d3
  StackCrashReporter: 855bc6d59c5ab0a8103b1428e1d5d25abe61ed30
  StackIAB: 75e842c68f6c68402de00bb4317fb9b8d76ab8bd
  StackModules: c2f4d70483cee9d20ac02d2a7c2fb15d7fbd3be4

PODFILE CHECKSUM: 4dd958e5ae3831370fe07ebc7472eb3b8e1d2882

COCOAPODS: 1.10.1
