// !$*UTF8*$!
{
	archiveVersion = 1;
	classes = {
	};
	objectVersion = 51;
	objects = {

/* Begin PBXBuildFile section */
		421B712F2652AFEA00075968 /* DSL.swift in Sources */ = {isa = PBXBuildFile; fileRef = 421B712E2652AFEA00075968 /* DSL.swift */; };
		421B71322655063600075968 /* ConsentManagerConnector.swift in Sources */ = {isa = PBXBuildFile; fileRef = 421B71312655063600075968 /* ConsentManagerConnector.swift */; };
		421B7137265537F800075968 /* UIApplicationExtensions.swift in Sources */ = {isa = PBXBuildFile; fileRef = 421B7136265537F800075968 /* UIApplicationExtensions.swift */; };
		421B713926553ADC00075968 /* InitializeServiceOperation.swift in Sources */ = {isa = PBXBuildFile; fileRef = 421B713826553ADC00075968 /* InitializeServiceOperation.swift */; };
		421B713B2655660D00075968 /* FetchServicesParametersOperation.swift in Sources */ = {isa = PBXBuildFile; fileRef = 421B713A2655660D00075968 /* FetchServicesParametersOperation.swift */; };
		4229F7D4264D15C60068E8D7 /* AdjustConnector.swift in Sources */ = {isa = PBXBuildFile; fileRef = 4229F7D3264D15C60068E8D7 /* AdjustConnector.swift */; };
		42411A8924A9DC8C001CCCD3 /* CancellableAsynchronousOperation.swift in Sources */ = {isa = PBXBuildFile; fileRef = 42411A8824A9DC8C001CCCD3 /* CancellableAsynchronousOperation.swift */; };
		4246449B24AB5E1B00C8B8D1 /* Service.swift in Sources */ = {isa = PBXBuildFile; fileRef = 4246449A24AB5E1B00C8B8D1 /* Service.swift */; };
		4248EE1924A5EE60003E9CA6 /* AppodealConnector.swift in Sources */ = {isa = PBXBuildFile; fileRef = 4248EE1824A5EE60003E9CA6 /* AppodealConnector.swift */; };
		4248EE1B24A5EF99003E9CA6 /* FirebaseConnector.swift in Sources */ = {isa = PBXBuildFile; fileRef = 4248EE1A24A5EF99003E9CA6 /* FirebaseConnector.swift */; };
		4251BC4B2743ACB300EF2BDE /* AdjustPurchase.docc in Sources */ = {isa = PBXBuildFile; fileRef = 4251BC4A2743ACB300EF2BDE /* AdjustPurchase.docc */; };
		4251BC4C2743ACB300EF2BDE /* AdjustPurchase.h in Headers */ = {isa = PBXBuildFile; fileRef = 4251BC492743ACB300EF2BDE /* AdjustPurchase.h */; settings = {ATTRIBUTES = (Public, ); }; };
		4253461924ACDC6F00128BB4 /* TrackEventOperation.swift in Sources */ = {isa = PBXBuildFile; fileRef = 4253461824ACDC6F00128BB4 /* TrackEventOperation.swift */; };
		4253461C24ACDD5500128BB4 /* FacebookConnector.swift in Sources */ = {isa = PBXBuildFile; fileRef = 4253461B24ACDD5500128BB4 /* FacebookConnector.swift */; };
		426A29A4265E386D00EB0843 /* ConnectorsRegistry.swift in Sources */ = {isa = PBXBuildFile; fileRef = 426A29A3265E386D00EB0843 /* ConnectorsRegistry.swift */; };
		4273EBA624A60D9C00A868FD /* AttributionOperation.swift in Sources */ = {isa = PBXBuildFile; fileRef = 4273EBA524A60D9C00A868FD /* AttributionOperation.swift */; };
		4273EBA824A620AA00A868FD /* ProductTestSyncOperation.swift in Sources */ = {isa = PBXBuildFile; fileRef = 4273EBA724A620AA00A868FD /* ProductTestSyncOperation.swift */; };
		4294A1F024A4BE3200F5FFD5 /* HolisticSolutionSDK.h in Headers */ = {isa = PBXBuildFile; fileRef = 4294A1EE24A4BE3200F5FFD5 /* HolisticSolutionSDK.h */; settings = {ATTRIBUTES = (Public, ); }; };
		4294A1F924A4BE7E00F5FFD5 /* App.swift in Sources */ = {isa = PBXBuildFile; fileRef = 4294A1F824A4BE7E00F5FFD5 /* App.swift */; };
		4294A20524A4CCC700F5FFD5 /* AppsFlyerConnector.swift in Sources */ = {isa = PBXBuildFile; fileRef = 4294A20424A4CCC700F5FFD5 /* AppsFlyerConnector.swift */; };
		4294A20924A4D61100F5FFD5 /* Advertising.swift in Sources */ = {isa = PBXBuildFile; fileRef = 4294A20824A4D61100F5FFD5 /* Advertising.swift */; };
		4294A20B24A4D7C100F5FFD5 /* AppConfiguration.swift in Sources */ = {isa = PBXBuildFile; fileRef = 4294A20A24A4D7C100F5FFD5 /* AppConfiguration.swift */; };
		4294A20E24A4DADE00F5FFD5 /* AsynchronousOperation.swift in Sources */ = {isa = PBXBuildFile; fileRef = 4294A20D24A4DADE00F5FFD5 /* AsynchronousOperation.swift */; };
		4294A21524A4DDAE00F5FFD5 /* PlatformConfiguration.swift in Sources */ = {isa = PBXBuildFile; fileRef = 4294A21424A4DDAE00F5FFD5 /* PlatformConfiguration.swift */; };
		42CAC483265D1D2F000A0A71 /* APIConnnector.swift in Sources */ = {isa = PBXBuildFile; fileRef = 42CAC482265D1D2F000A0A71 /* APIConnnector.swift */; };
		42D4B4672743AD090007D84E /* ADJPMerchantItem.m in Sources */ = {isa = PBXBuildFile; fileRef = 42D4B4562743AD080007D84E /* ADJPMerchantItem.m */; };
		42D4B4682743AD090007D84E /* ADJPRequestHandler.h in Headers */ = {isa = PBXBuildFile; fileRef = 42D4B4572743AD080007D84E /* ADJPRequestHandler.h */; };
		42D4B4692743AD090007D84E /* ADJPLogger.m in Sources */ = {isa = PBXBuildFile; fileRef = 42D4B4582743AD080007D84E /* ADJPLogger.m */; };
		42D4B46A2743AD090007D84E /* ADJPVerificationPackage.h in Headers */ = {isa = PBXBuildFile; fileRef = 42D4B4592743AD080007D84E /* ADJPVerificationPackage.h */; };
		42D4B46B2743AD090007D84E /* ADJPRequestHandler.m in Sources */ = {isa = PBXBuildFile; fileRef = 42D4B45A2743AD080007D84E /* ADJPRequestHandler.m */; };
		42D4B46C2743AD090007D84E /* ADJPMerchantItem.h in Headers */ = {isa = PBXBuildFile; fileRef = 42D4B45B2743AD080007D84E /* ADJPMerchantItem.h */; };
		42D4B46D2743AD090007D84E /* ADJPCommon.m in Sources */ = {isa = PBXBuildFile; fileRef = 42D4B45C2743AD080007D84E /* ADJPCommon.m */; };
		42D4B46E2743AD090007D84E /* ADJPMerchant.h in Headers */ = {isa = PBXBuildFile; fileRef = 42D4B45D2743AD080007D84E /* ADJPMerchant.h */; };
		42D4B46F2743AD090007D84E /* ADJPVerificationInfo.h in Headers */ = {isa = PBXBuildFile; fileRef = 42D4B45E2743AD080007D84E /* ADJPVerificationInfo.h */; settings = {ATTRIBUTES = (Public, ); }; };
		42D4B4702743AD090007D84E /* ADJPCommon.h in Headers */ = {isa = PBXBuildFile; fileRef = 42D4B45F2743AD080007D84E /* ADJPCommon.h */; settings = {ATTRIBUTES = (Public, ); }; };
		42D4B4712743AD090007D84E /* ADJPConfig.m in Sources */ = {isa = PBXBuildFile; fileRef = 42D4B4602743AD080007D84E /* ADJPConfig.m */; };
		42D4B4722743AD090007D84E /* ADJPVerificationInfo.m in Sources */ = {isa = PBXBuildFile; fileRef = 42D4B4612743AD090007D84E /* ADJPVerificationInfo.m */; };
		42D4B4732743AD090007D84E /* AdjustPurchase.m in Sources */ = {isa = PBXBuildFile; fileRef = 42D4B4622743AD090007D84E /* AdjustPurchase.m */; };
		42D4B4742743AD090007D84E /* ADJPLogger.h in Headers */ = {isa = PBXBuildFile; fileRef = 42D4B4632743AD090007D84E /* ADJPLogger.h */; };
		42D4B4752743AD090007D84E /* ADJPMerchant.m in Sources */ = {isa = PBXBuildFile; fileRef = 42D4B4642743AD090007D84E /* ADJPMerchant.m */; };
		42D4B4762743AD090007D84E /* ADJPConfig.h in Headers */ = {isa = PBXBuildFile; fileRef = 42D4B4652743AD090007D84E /* ADJPConfig.h */; settings = {ATTRIBUTES = (Public, ); }; };
		42D4B4772743AD090007D84E /* ADJPVerificationPackage.m in Sources */ = {isa = PBXBuildFile; fileRef = 42D4B4662743AD090007D84E /* ADJPVerificationPackage.m */; };
		42D4B4782743AE290007D84E /* AdjustPurchase.framework in Frameworks */ = {isa = PBXBuildFile; fileRef = 4251BC472743ACB300EF2BDE /* AdjustPurchase.framework */; };
		42D4B4792743AE290007D84E /* AdjustPurchase.framework in Embed Frameworks */ = {isa = PBXBuildFile; fileRef = 4251BC472743ACB300EF2BDE /* AdjustPurchase.framework */; settings = {ATTRIBUTES = (CodeSignOnCopy, RemoveHeadersOnCopy, ); }; };
		42EB08E224ACBD0800B07AAE /* InternalServices.swift in Sources */ = {isa = PBXBuildFile; fileRef = 42EB08E124ACBD0800B07AAE /* InternalServices.swift */; };
		42EB08E524ACC5C900B07AAE /* ValidateAndTrackPurchaseOperation.swift in Sources */ = {isa = PBXBuildFile; fileRef = 42EB08E424ACC5C900B07AAE /* ValidateAndTrackPurchaseOperation.swift */; };
		42FCD7BD266DFECC00F8B83F /* ErrorProvider.swift in Sources */ = {isa = PBXBuildFile; fileRef = 42FCD7BC266DFECC00F8B83F /* ErrorProvider.swift */; };
		42FCD7BF266E072A00F8B83F /* CompletionOperation.swift in Sources */ = {isa = PBXBuildFile; fileRef = 42FCD7BE266E072A00F8B83F /* CompletionOperation.swift */; };
		B8FFDBD77A00F474B1E3DDE7 /* Pods_HolisticSolutionSDK.framework in Frameworks */ = {isa = PBXBuildFile; fileRef = 5477BFA3591B0F22F80B7A8E /* Pods_HolisticSolutionSDK.framework */; };
/* End PBXBuildFile section */

/* Begin PBXContainerItemProxy section */
		42D4B47A2743AE290007D84E /* PBXContainerItemProxy */ = {
			isa = PBXContainerItemProxy;
			containerPortal = 4294A1E224A4BE3200F5FFD5 /* Project object */;
			proxyType = 1;
			remoteGlobalIDString = 4251BC462743ACB300EF2BDE;
			remoteInfo = AdjustPurchase;
		};
/* End PBXContainerItemProxy section */

/* Begin PBXCopyFilesBuildPhase section */
		42D4B47C2743AE290007D84E /* Embed Frameworks */ = {
			isa = PBXCopyFilesBuildPhase;
			buildActionMask = 2147483647;
			dstPath = "";
			dstSubfolderSpec = 10;
			files = (
				42D4B4792743AE290007D84E /* AdjustPurchase.framework in Embed Frameworks */,
			);
			name = "Embed Frameworks";
			runOnlyForDeploymentPostprocessing = 0;
		};
/* End PBXCopyFilesBuildPhase section */

/* Begin PBXFileReference section */
		421B712E2652AFEA00075968 /* DSL.swift */ = {isa = PBXFileReference; lastKnownFileType = sourcecode.swift; path = DSL.swift; sourceTree = "<group>"; };
		421B71312655063600075968 /* ConsentManagerConnector.swift */ = {isa = PBXFileReference; lastKnownFileType = sourcecode.swift; path = ConsentManagerConnector.swift; sourceTree = "<group>"; };
		421B7136265537F800075968 /* UIApplicationExtensions.swift */ = {isa = PBXFileReference; lastKnownFileType = sourcecode.swift; path = UIApplicationExtensions.swift; sourceTree = "<group>"; };
		421B713826553ADC00075968 /* InitializeServiceOperation.swift */ = {isa = PBXFileReference; lastKnownFileType = sourcecode.swift; path = InitializeServiceOperation.swift; sourceTree = "<group>"; };
		421B713A2655660D00075968 /* FetchServicesParametersOperation.swift */ = {isa = PBXFileReference; lastKnownFileType = sourcecode.swift; path = FetchServicesParametersOperation.swift; sourceTree = "<group>"; };
		4229F7D3264D15C60068E8D7 /* AdjustConnector.swift */ = {isa = PBXFileReference; lastKnownFileType = sourcecode.swift; path = AdjustConnector.swift; sourceTree = "<group>"; };
		42411A8824A9DC8C001CCCD3 /* CancellableAsynchronousOperation.swift */ = {isa = PBXFileReference; lastKnownFileType = sourcecode.swift; path = CancellableAsynchronousOperation.swift; sourceTree = "<group>"; };
		4246449A24AB5E1B00C8B8D1 /* Service.swift */ = {isa = PBXFileReference; lastKnownFileType = sourcecode.swift; path = Service.swift; sourceTree = "<group>"; };
		4248EE1824A5EE60003E9CA6 /* AppodealConnector.swift */ = {isa = PBXFileReference; lastKnownFileType = sourcecode.swift; path = AppodealConnector.swift; sourceTree = "<group>"; };
		4248EE1A24A5EF99003E9CA6 /* FirebaseConnector.swift */ = {isa = PBXFileReference; lastKnownFileType = sourcecode.swift; path = FirebaseConnector.swift; sourceTree = "<group>"; };
		4251BC472743ACB300EF2BDE /* AdjustPurchase.framework */ = {isa = PBXFileReference; explicitFileType = wrapper.framework; includeInIndex = 0; path = AdjustPurchase.framework; sourceTree = BUILT_PRODUCTS_DIR; };
		4251BC492743ACB300EF2BDE /* AdjustPurchase.h */ = {isa = PBXFileReference; lastKnownFileType = sourcecode.c.h; path = AdjustPurchase.h; sourceTree = "<group>"; };
		4251BC4A2743ACB300EF2BDE /* AdjustPurchase.docc */ = {isa = PBXFileReference; lastKnownFileType = folder.documentationcatalog; path = AdjustPurchase.docc; sourceTree = "<group>"; };
		4253461824ACDC6F00128BB4 /* TrackEventOperation.swift */ = {isa = PBXFileReference; lastKnownFileType = sourcecode.swift; path = TrackEventOperation.swift; sourceTree = "<group>"; };
		4253461B24ACDD5500128BB4 /* FacebookConnector.swift */ = {isa = PBXFileReference; lastKnownFileType = sourcecode.swift; path = FacebookConnector.swift; sourceTree = "<group>"; };
		426A29A3265E386D00EB0843 /* ConnectorsRegistry.swift */ = {isa = PBXFileReference; lastKnownFileType = sourcecode.swift; path = ConnectorsRegistry.swift; sourceTree = "<group>"; };
		4273EBA524A60D9C00A868FD /* AttributionOperation.swift */ = {isa = PBXFileReference; lastKnownFileType = sourcecode.swift; path = AttributionOperation.swift; sourceTree = "<group>"; };
		4273EBA724A620AA00A868FD /* ProductTestSyncOperation.swift */ = {isa = PBXFileReference; lastKnownFileType = sourcecode.swift; path = ProductTestSyncOperation.swift; sourceTree = "<group>"; };
		4294A1EB24A4BE3200F5FFD5 /* HolisticSolutionSDK.framework */ = {isa = PBXFileReference; explicitFileType = wrapper.framework; includeInIndex = 0; path = HolisticSolutionSDK.framework; sourceTree = BUILT_PRODUCTS_DIR; };
		4294A1EE24A4BE3200F5FFD5 /* HolisticSolutionSDK.h */ = {isa = PBXFileReference; lastKnownFileType = sourcecode.c.h; path = HolisticSolutionSDK.h; sourceTree = "<group>"; };
		4294A1EF24A4BE3200F5FFD5 /* Info.plist */ = {isa = PBXFileReference; lastKnownFileType = text.plist.xml; path = Info.plist; sourceTree = "<group>"; };
		4294A1F824A4BE7E00F5FFD5 /* App.swift */ = {isa = PBXFileReference; lastKnownFileType = sourcecode.swift; path = App.swift; sourceTree = "<group>"; };
		4294A20424A4CCC700F5FFD5 /* AppsFlyerConnector.swift */ = {isa = PBXFileReference; lastKnownFileType = sourcecode.swift; path = AppsFlyerConnector.swift; sourceTree = "<group>"; };
		4294A20824A4D61100F5FFD5 /* Advertising.swift */ = {isa = PBXFileReference; lastKnownFileType = sourcecode.swift; path = Advertising.swift; sourceTree = "<group>"; };
		4294A20A24A4D7C100F5FFD5 /* AppConfiguration.swift */ = {isa = PBXFileReference; lastKnownFileType = sourcecode.swift; path = AppConfiguration.swift; sourceTree = "<group>"; };
		4294A20D24A4DADE00F5FFD5 /* AsynchronousOperation.swift */ = {isa = PBXFileReference; lastKnownFileType = sourcecode.swift; path = AsynchronousOperation.swift; sourceTree = "<group>"; };
		4294A21424A4DDAE00F5FFD5 /* PlatformConfiguration.swift */ = {isa = PBXFileReference; lastKnownFileType = sourcecode.swift; path = PlatformConfiguration.swift; sourceTree = "<group>"; };
		42CAC482265D1D2F000A0A71 /* APIConnnector.swift */ = {isa = PBXFileReference; lastKnownFileType = sourcecode.swift; path = APIConnnector.swift; sourceTree = "<group>"; };
		42D4B4562743AD080007D84E /* ADJPMerchantItem.m */ = {isa = PBXFileReference; fileEncoding = 4; lastKnownFileType = sourcecode.c.objc; path = ADJPMerchantItem.m; sourceTree = "<group>"; };
		42D4B4572743AD080007D84E /* ADJPRequestHandler.h */ = {isa = PBXFileReference; fileEncoding = 4; lastKnownFileType = sourcecode.c.h; path = ADJPRequestHandler.h; sourceTree = "<group>"; };
		42D4B4582743AD080007D84E /* ADJPLogger.m */ = {isa = PBXFileReference; fileEncoding = 4; lastKnownFileType = sourcecode.c.objc; path = ADJPLogger.m; sourceTree = "<group>"; };
		42D4B4592743AD080007D84E /* ADJPVerificationPackage.h */ = {isa = PBXFileReference; fileEncoding = 4; lastKnownFileType = sourcecode.c.h; path = ADJPVerificationPackage.h; sourceTree = "<group>"; };
		42D4B45A2743AD080007D84E /* ADJPRequestHandler.m */ = {isa = PBXFileReference; fileEncoding = 4; lastKnownFileType = sourcecode.c.objc; path = ADJPRequestHandler.m; sourceTree = "<group>"; };
		42D4B45B2743AD080007D84E /* ADJPMerchantItem.h */ = {isa = PBXFileReference; fileEncoding = 4; lastKnownFileType = sourcecode.c.h; path = ADJPMerchantItem.h; sourceTree = "<group>"; };
		42D4B45C2743AD080007D84E /* ADJPCommon.m */ = {isa = PBXFileReference; fileEncoding = 4; lastKnownFileType = sourcecode.c.objc; path = ADJPCommon.m; sourceTree = "<group>"; };
		42D4B45D2743AD080007D84E /* ADJPMerchant.h */ = {isa = PBXFileReference; fileEncoding = 4; lastKnownFileType = sourcecode.c.h; path = ADJPMerchant.h; sourceTree = "<group>"; };
		42D4B45E2743AD080007D84E /* ADJPVerificationInfo.h */ = {isa = PBXFileReference; fileEncoding = 4; lastKnownFileType = sourcecode.c.h; path = ADJPVerificationInfo.h; sourceTree = "<group>"; };
		42D4B45F2743AD080007D84E /* ADJPCommon.h */ = {isa = PBXFileReference; fileEncoding = 4; lastKnownFileType = sourcecode.c.h; path = ADJPCommon.h; sourceTree = "<group>"; };
		42D4B4602743AD080007D84E /* ADJPConfig.m */ = {isa = PBXFileReference; fileEncoding = 4; lastKnownFileType = sourcecode.c.objc; path = ADJPConfig.m; sourceTree = "<group>"; };
		42D4B4612743AD090007D84E /* ADJPVerificationInfo.m */ = {isa = PBXFileReference; fileEncoding = 4; lastKnownFileType = sourcecode.c.objc; path = ADJPVerificationInfo.m; sourceTree = "<group>"; };
		42D4B4622743AD090007D84E /* AdjustPurchase.m */ = {isa = PBXFileReference; fileEncoding = 4; lastKnownFileType = sourcecode.c.objc; path = AdjustPurchase.m; sourceTree = "<group>"; };
		42D4B4632743AD090007D84E /* ADJPLogger.h */ = {isa = PBXFileReference; fileEncoding = 4; lastKnownFileType = sourcecode.c.h; path = ADJPLogger.h; sourceTree = "<group>"; };
		42D4B4642743AD090007D84E /* ADJPMerchant.m */ = {isa = PBXFileReference; fileEncoding = 4; lastKnownFileType = sourcecode.c.objc; path = ADJPMerchant.m; sourceTree = "<group>"; };
		42D4B4652743AD090007D84E /* ADJPConfig.h */ = {isa = PBXFileReference; fileEncoding = 4; lastKnownFileType = sourcecode.c.h; path = ADJPConfig.h; sourceTree = "<group>"; };
		42D4B4662743AD090007D84E /* ADJPVerificationPackage.m */ = {isa = PBXFileReference; fileEncoding = 4; lastKnownFileType = sourcecode.c.objc; path = ADJPVerificationPackage.m; sourceTree = "<group>"; };
		42EB08E124ACBD0800B07AAE /* InternalServices.swift */ = {isa = PBXFileReference; lastKnownFileType = sourcecode.swift; path = InternalServices.swift; sourceTree = "<group>"; };
		42EB08E424ACC5C900B07AAE /* ValidateAndTrackPurchaseOperation.swift */ = {isa = PBXFileReference; lastKnownFileType = sourcecode.swift; path = ValidateAndTrackPurchaseOperation.swift; sourceTree = "<group>"; };
		42FCD7BC266DFECC00F8B83F /* ErrorProvider.swift */ = {isa = PBXFileReference; lastKnownFileType = sourcecode.swift; path = ErrorProvider.swift; sourceTree = "<group>"; };
		42FCD7BE266E072A00F8B83F /* CompletionOperation.swift */ = {isa = PBXFileReference; lastKnownFileType = sourcecode.swift; path = CompletionOperation.swift; sourceTree = "<group>"; };
		5477BFA3591B0F22F80B7A8E /* Pods_HolisticSolutionSDK.framework */ = {isa = PBXFileReference; explicitFileType = wrapper.framework; includeInIndex = 0; path = Pods_HolisticSolutionSDK.framework; sourceTree = BUILT_PRODUCTS_DIR; };
		5AE86170FC82EF84100DBEE5 /* Pods-HolisticSolutionSDK.release.xcconfig */ = {isa = PBXFileReference; includeInIndex = 1; lastKnownFileType = text.xcconfig; name = "Pods-HolisticSolutionSDK.release.xcconfig"; path = "../Stack-HolisticSolutionSDK-iOS/Pods/Target Support Files/Pods-HolisticSolutionSDK/Pods-HolisticSolutionSDK.release.xcconfig"; sourceTree = "<group>"; };
		E009234B9C7CD0210F19C025 /* Pods-HolisticSolutionSDK.debug.xcconfig */ = {isa = PBXFileReference; includeInIndex = 1; lastKnownFileType = text.xcconfig; name = "Pods-HolisticSolutionSDK.debug.xcconfig"; path = "../Stack-HolisticSolutionSDK-iOS/Pods/Target Support Files/Pods-HolisticSolutionSDK/Pods-HolisticSolutionSDK.debug.xcconfig"; sourceTree = "<group>"; };
/* End PBXFileReference section */

/* Begin PBXFrameworksBuildPhase section */
		4251BC442743ACB300EF2BDE /* Frameworks */ = {
			isa = PBXFrameworksBuildPhase;
			buildActionMask = 2147483647;
			files = (
			);
			runOnlyForDeploymentPostprocessing = 0;
		};
		4294A1E824A4BE3200F5FFD5 /* Frameworks */ = {
			isa = PBXFrameworksBuildPhase;
			buildActionMask = 2147483647;
			files = (
				42D4B4782743AE290007D84E /* AdjustPurchase.framework in Frameworks */,
				B8FFDBD77A00F474B1E3DDE7 /* Pods_HolisticSolutionSDK.framework in Frameworks */,
			);
			runOnlyForDeploymentPostprocessing = 0;
		};
/* End PBXFrameworksBuildPhase section */

/* Begin PBXGroup section */
		421B7130265503E900075968 /* ConsentManager */ = {
			isa = PBXGroup;
			children = (
				421B71312655063600075968 /* ConsentManagerConnector.swift */,
			);
			path = ConsentManager;
			sourceTree = "<group>";
		};
		4229F7D2264D15880068E8D7 /* Adjust */ = {
			isa = PBXGroup;
			children = (
				4251BC482743ACB300EF2BDE /* AdjustPurchase */,
				4229F7D3264D15C60068E8D7 /* AdjustConnector.swift */,
			);
			path = Adjust;
			sourceTree = "<group>";
		};
		4248EE1724A5EE1F003E9CA6 /* Service */ = {
			isa = PBXGroup;
			children = (
				4294A20824A4D61100F5FFD5 /* Advertising.swift */,
				4246449A24AB5E1B00C8B8D1 /* Service.swift */,
			);
			path = Service;
			sourceTree = "<group>";
		};
		4251BC482743ACB300EF2BDE /* AdjustPurchase */ = {
			isa = PBXGroup;
			children = (
				42D4B45F2743AD080007D84E /* ADJPCommon.h */,
				42D4B45C2743AD080007D84E /* ADJPCommon.m */,
				42D4B4652743AD090007D84E /* ADJPConfig.h */,
				42D4B4602743AD080007D84E /* ADJPConfig.m */,
				42D4B4632743AD090007D84E /* ADJPLogger.h */,
				42D4B4582743AD080007D84E /* ADJPLogger.m */,
				42D4B45D2743AD080007D84E /* ADJPMerchant.h */,
				42D4B4642743AD090007D84E /* ADJPMerchant.m */,
				42D4B45B2743AD080007D84E /* ADJPMerchantItem.h */,
				42D4B4562743AD080007D84E /* ADJPMerchantItem.m */,
				42D4B4572743AD080007D84E /* ADJPRequestHandler.h */,
				42D4B45A2743AD080007D84E /* ADJPRequestHandler.m */,
				42D4B45E2743AD080007D84E /* ADJPVerificationInfo.h */,
				42D4B4612743AD090007D84E /* ADJPVerificationInfo.m */,
				42D4B4592743AD080007D84E /* ADJPVerificationPackage.h */,
				42D4B4662743AD090007D84E /* ADJPVerificationPackage.m */,
				42D4B4622743AD090007D84E /* AdjustPurchase.m */,
				4251BC492743ACB300EF2BDE /* AdjustPurchase.h */,
				4251BC4A2743ACB300EF2BDE /* AdjustPurchase.docc */,
			);
			path = AdjustPurchase;
			sourceTree = "<group>";
		};
		4253461A24ACDD3100128BB4 /* Facebook */ = {
			isa = PBXGroup;
			children = (
				4253461B24ACDD5500128BB4 /* FacebookConnector.swift */,
			);
			path = Facebook;
			sourceTree = "<group>";
		};
		4294A1E124A4BE3200F5FFD5 = {
			isa = PBXGroup;
			children = (
				4294A1ED24A4BE3200F5FFD5 /* HolisticSolutionSDK */,
				4294A1EC24A4BE3200F5FFD5 /* Products */,
				B60F4646707361C2ED527F87 /* Pods */,
				5D7F9EC1F9428C7A652ACF9D /* Frameworks */,
			);
			sourceTree = "<group>";
		};
		4294A1EC24A4BE3200F5FFD5 /* Products */ = {
			isa = PBXGroup;
			children = (
				4294A1EB24A4BE3200F5FFD5 /* HolisticSolutionSDK.framework */,
				4251BC472743ACB300EF2BDE /* AdjustPurchase.framework */,
			);
			name = Products;
			sourceTree = "<group>";
		};
		4294A1ED24A4BE3200F5FFD5 /* HolisticSolutionSDK */ = {
			isa = PBXGroup;
			children = (
				4248EE1724A5EE1F003E9CA6 /* Service */,
				4294A21324A4DD7800F5FFD5 /* Private */,
				42CAC481265D1CF2000A0A71 /* Networking */,
				421B7130265503E900075968 /* ConsentManager */,
				4294A21224A4DC4900F5FFD5 /* Appodeal */,
				4294A20F24A4DC1C00F5FFD5 /* AppsFlyer */,
				4229F7D2264D15880068E8D7 /* Adjust */,
				4294A21024A4DC3000F5FFD5 /* Firebase */,
				4253461A24ACDD3100128BB4 /* Facebook */,
				4294A1F824A4BE7E00F5FFD5 /* App.swift */,
				421B712E2652AFEA00075968 /* DSL.swift */,
				4294A20A24A4D7C100F5FFD5 /* AppConfiguration.swift */,
				4294A1EE24A4BE3200F5FFD5 /* HolisticSolutionSDK.h */,
				4294A1EF24A4BE3200F5FFD5 /* Info.plist */,
			);
			path = HolisticSolutionSDK;
			sourceTree = "<group>";
		};
		4294A20C24A4DA7800F5FFD5 /* Operations */ = {
			isa = PBXGroup;
			children = (
				42EB08E324ACC5A500B07AAE /* Base */,
				421B713826553ADC00075968 /* InitializeServiceOperation.swift */,
				421B713A2655660D00075968 /* FetchServicesParametersOperation.swift */,
				4273EBA524A60D9C00A868FD /* AttributionOperation.swift */,
				4273EBA724A620AA00A868FD /* ProductTestSyncOperation.swift */,
				4253461824ACDC6F00128BB4 /* TrackEventOperation.swift */,
				42EB08E424ACC5C900B07AAE /* ValidateAndTrackPurchaseOperation.swift */,
				42FCD7BE266E072A00F8B83F /* CompletionOperation.swift */,
			);
			path = Operations;
			sourceTree = "<group>";
		};
		4294A20F24A4DC1C00F5FFD5 /* AppsFlyer */ = {
			isa = PBXGroup;
			children = (
				4294A20424A4CCC700F5FFD5 /* AppsFlyerConnector.swift */,
			);
			path = AppsFlyer;
			sourceTree = "<group>";
		};
		4294A21024A4DC3000F5FFD5 /* Firebase */ = {
			isa = PBXGroup;
			children = (
				4248EE1A24A5EF99003E9CA6 /* FirebaseConnector.swift */,
			);
			path = Firebase;
			sourceTree = "<group>";
		};
		4294A21224A4DC4900F5FFD5 /* Appodeal */ = {
			isa = PBXGroup;
			children = (
				4248EE1824A5EE60003E9CA6 /* AppodealConnector.swift */,
			);
			path = Appodeal;
			sourceTree = "<group>";
		};
		4294A21324A4DD7800F5FFD5 /* Private */ = {
			isa = PBXGroup;
			children = (
				4294A20C24A4DA7800F5FFD5 /* Operations */,
				4294A21424A4DDAE00F5FFD5 /* PlatformConfiguration.swift */,
				426A29A3265E386D00EB0843 /* ConnectorsRegistry.swift */,
				42EB08E124ACBD0800B07AAE /* InternalServices.swift */,
				421B7136265537F800075968 /* UIApplicationExtensions.swift */,
			);
			path = Private;
			sourceTree = "<group>";
		};
		42CAC481265D1CF2000A0A71 /* Networking */ = {
			isa = PBXGroup;
			children = (
				42CAC482265D1D2F000A0A71 /* APIConnnector.swift */,
			);
			path = Networking;
			sourceTree = "<group>";
		};
		42EB08E324ACC5A500B07AAE /* Base */ = {
			isa = PBXGroup;
			children = (
				4294A20D24A4DADE00F5FFD5 /* AsynchronousOperation.swift */,
				42411A8824A9DC8C001CCCD3 /* CancellableAsynchronousOperation.swift */,
				42FCD7BC266DFECC00F8B83F /* ErrorProvider.swift */,
			);
			path = Base;
			sourceTree = "<group>";
		};
		5D7F9EC1F9428C7A652ACF9D /* Frameworks */ = {
			isa = PBXGroup;
			children = (
				5477BFA3591B0F22F80B7A8E /* Pods_HolisticSolutionSDK.framework */,
			);
			name = Frameworks;
			sourceTree = "<group>";
		};
		B60F4646707361C2ED527F87 /* Pods */ = {
			isa = PBXGroup;
			children = (
				E009234B9C7CD0210F19C025 /* Pods-HolisticSolutionSDK.debug.xcconfig */,
				5AE86170FC82EF84100DBEE5 /* Pods-HolisticSolutionSDK.release.xcconfig */,
			);
			name = Pods;
			path = ../Pods;
			sourceTree = "<group>";
		};
/* End PBXGroup section */

/* Begin PBXHeadersBuildPhase section */
		4251BC422743ACB300EF2BDE /* Headers */ = {
			isa = PBXHeadersBuildPhase;
			buildActionMask = 2147483647;
			files = (
				42D4B4702743AD090007D84E /* ADJPCommon.h in Headers */,
				42D4B4742743AD090007D84E /* ADJPLogger.h in Headers */,
				42D4B4762743AD090007D84E /* ADJPConfig.h in Headers */,
				42D4B46C2743AD090007D84E /* ADJPMerchantItem.h in Headers */,
				42D4B4682743AD090007D84E /* ADJPRequestHandler.h in Headers */,
				42D4B46F2743AD090007D84E /* ADJPVerificationInfo.h in Headers */,
				42D4B46A2743AD090007D84E /* ADJPVerificationPackage.h in Headers */,
				4251BC4C2743ACB300EF2BDE /* AdjustPurchase.h in Headers */,
				42D4B46E2743AD090007D84E /* ADJPMerchant.h in Headers */,
			);
			runOnlyForDeploymentPostprocessing = 0;
		};
		4294A1E624A4BE3200F5FFD5 /* Headers */ = {
			isa = PBXHeadersBuildPhase;
			buildActionMask = 2147483647;
			files = (
				4294A1F024A4BE3200F5FFD5 /* HolisticSolutionSDK.h in Headers */,
			);
			runOnlyForDeploymentPostprocessing = 0;
		};
/* End PBXHeadersBuildPhase section */

/* Begin PBXNativeTarget section */
		4251BC462743ACB300EF2BDE /* AdjustPurchase */ = {
			isa = PBXNativeTarget;
			buildConfigurationList = 4251BC4D2743ACB300EF2BDE /* Build configuration list for PBXNativeTarget "AdjustPurchase" */;
			buildPhases = (
				4251BC422743ACB300EF2BDE /* Headers */,
				4251BC432743ACB300EF2BDE /* Sources */,
				4251BC442743ACB300EF2BDE /* Frameworks */,
				4251BC452743ACB300EF2BDE /* Resources */,
			);
			buildRules = (
			);
			dependencies = (
			);
			name = AdjustPurchase;
			productName = AdjustPurchase;
			productReference = 4251BC472743ACB300EF2BDE /* AdjustPurchase.framework */;
			productType = "com.apple.product-type.framework";
		};
		4294A1EA24A4BE3200F5FFD5 /* HolisticSolutionSDK */ = {
			isa = PBXNativeTarget;
			buildConfigurationList = 4294A1F324A4BE3200F5FFD5 /* Build configuration list for PBXNativeTarget "HolisticSolutionSDK" */;
			buildPhases = (
				DAC3D985406FAB2F5BC20ACD /* [CP] Check Pods Manifest.lock */,
				4294A1E624A4BE3200F5FFD5 /* Headers */,
				4294A1E724A4BE3200F5FFD5 /* Sources */,
				4294A1E824A4BE3200F5FFD5 /* Frameworks */,
				4294A1E924A4BE3200F5FFD5 /* Resources */,
				2E2F3B1CC68037E21B535C55 /* [CP] Copy Pods Resources */,
				42D4B47C2743AE290007D84E /* Embed Frameworks */,
			);
			buildRules = (
			);
			dependencies = (
				42D4B47B2743AE290007D84E /* PBXTargetDependency */,
			);
			name = HolisticSolutionSDK;
			productName = HolisticSolutionSDK;
			productReference = 4294A1EB24A4BE3200F5FFD5 /* HolisticSolutionSDK.framework */;
			productType = "com.apple.product-type.framework";
		};
/* End PBXNativeTarget section */

/* Begin PBXProject section */
		4294A1E224A4BE3200F5FFD5 /* Project object */ = {
			isa = PBXProject;
			attributes = {
				LastUpgradeCheck = 1250;
				ORGANIZATIONNAME = com.appodeal;
				TargetAttributes = {
					4251BC462743ACB300EF2BDE = {
						CreatedOnToolsVersion = 13.0;
					};
					4294A1EA24A4BE3200F5FFD5 = {
						CreatedOnToolsVersion = 11.5;
						LastSwiftMigration = 1250;
					};
				};
			};
			buildConfigurationList = 4294A1E524A4BE3200F5FFD5 /* Build configuration list for PBXProject "HolisticSolutionSDK" */;
			compatibilityVersion = "Xcode 9.3";
			developmentRegion = en;
			hasScannedForEncodings = 0;
			knownRegions = (
				en,
				Base,
			);
			mainGroup = 4294A1E124A4BE3200F5FFD5;
			productRefGroup = 4294A1EC24A4BE3200F5FFD5 /* Products */;
			projectDirPath = "";
			projectRoot = "";
			targets = (
				4294A1EA24A4BE3200F5FFD5 /* HolisticSolutionSDK */,
				4251BC462743ACB300EF2BDE /* AdjustPurchase */,
			);
		};
/* End PBXProject section */

/* Begin PBXResourcesBuildPhase section */
		4251BC452743ACB300EF2BDE /* Resources */ = {
			isa = PBXResourcesBuildPhase;
			buildActionMask = 2147483647;
			files = (
			);
			runOnlyForDeploymentPostprocessing = 0;
		};
		4294A1E924A4BE3200F5FFD5 /* Resources */ = {
			isa = PBXResourcesBuildPhase;
			buildActionMask = 2147483647;
			files = (
			);
			runOnlyForDeploymentPostprocessing = 0;
		};
/* End PBXResourcesBuildPhase section */

/* Begin PBXShellScriptBuildPhase section */
		2E2F3B1CC68037E21B535C55 /* [CP] Copy Pods Resources */ = {
			isa = PBXShellScriptBuildPhase;
			buildActionMask = 2147483647;
			files = (
			);
			inputFileListPaths = (
				"${PODS_ROOT}/Target Support Files/Pods-HolisticSolutionSDK/Pods-HolisticSolutionSDK-resources-${CONFIGURATION}-input-files.xcfilelist",
			);
			name = "[CP] Copy Pods Resources";
			outputFileListPaths = (
				"${PODS_ROOT}/Target Support Files/Pods-HolisticSolutionSDK/Pods-HolisticSolutionSDK-resources-${CONFIGURATION}-output-files.xcfilelist",
			);
			runOnlyForDeploymentPostprocessing = 0;
			shellPath = /bin/sh;
			shellScript = "\"${PODS_ROOT}/Target Support Files/Pods-HolisticSolutionSDK/Pods-HolisticSolutionSDK-resources.sh\"\n";
			showEnvVarsInLog = 0;
		};
		DAC3D985406FAB2F5BC20ACD /* [CP] Check Pods Manifest.lock */ = {
			isa = PBXShellScriptBuildPhase;
			buildActionMask = 2147483647;
			files = (
			);
			inputFileListPaths = (
			);
			inputPaths = (
				"${PODS_PODFILE_DIR_PATH}/Podfile.lock",
				"${PODS_ROOT}/Manifest.lock",
			);
			name = "[CP] Check Pods Manifest.lock";
			outputFileListPaths = (
			);
			outputPaths = (
				"$(DERIVED_FILE_DIR)/Pods-HolisticSolutionSDK-checkManifestLockResult.txt",
			);
			runOnlyForDeploymentPostprocessing = 0;
			shellPath = /bin/sh;
			shellScript = "diff \"${PODS_PODFILE_DIR_PATH}/Podfile.lock\" \"${PODS_ROOT}/Manifest.lock\" > /dev/null\nif [ $? != 0 ] ; then\n    # print error to STDERR\n    echo \"error: The sandbox is not in sync with the Podfile.lock. Run 'pod install' or update your CocoaPods installation.\" >&2\n    exit 1\nfi\n# This output is used by Xcode 'outputs' to avoid re-running this script phase.\necho \"SUCCESS\" > \"${SCRIPT_OUTPUT_FILE_0}\"\n";
			showEnvVarsInLog = 0;
		};
/* End PBXShellScriptBuildPhase section */

/* Begin PBXSourcesBuildPhase section */
		4251BC432743ACB300EF2BDE /* Sources */ = {
			isa = PBXSourcesBuildPhase;
			buildActionMask = 2147483647;
			files = (
				42D4B4712743AD090007D84E /* ADJPConfig.m in Sources */,
				42D4B4732743AD090007D84E /* AdjustPurchase.m in Sources */,
				42D4B46D2743AD090007D84E /* ADJPCommon.m in Sources */,
				42D4B4692743AD090007D84E /* ADJPLogger.m in Sources */,
				42D4B46B2743AD090007D84E /* ADJPRequestHandler.m in Sources */,
				42D4B4722743AD090007D84E /* ADJPVerificationInfo.m in Sources */,
				42D4B4752743AD090007D84E /* ADJPMerchant.m in Sources */,
				4251BC4B2743ACB300EF2BDE /* AdjustPurchase.docc in Sources */,
				42D4B4772743AD090007D84E /* ADJPVerificationPackage.m in Sources */,
				42D4B4672743AD090007D84E /* ADJPMerchantItem.m in Sources */,
			);
			runOnlyForDeploymentPostprocessing = 0;
		};
		4294A1E724A4BE3200F5FFD5 /* Sources */ = {
			isa = PBXSourcesBuildPhase;
			buildActionMask = 2147483647;
			files = (
				4248EE1B24A5EF99003E9CA6 /* FirebaseConnector.swift in Sources */,
				4253461924ACDC6F00128BB4 /* TrackEventOperation.swift in Sources */,
				42411A8924A9DC8C001CCCD3 /* CancellableAsynchronousOperation.swift in Sources */,
				42FCD7BD266DFECC00F8B83F /* ErrorProvider.swift in Sources */,
				4294A1F924A4BE7E00F5FFD5 /* App.swift in Sources */,
				4253461C24ACDD5500128BB4 /* FacebookConnector.swift in Sources */,
				4294A20924A4D61100F5FFD5 /* Advertising.swift in Sources */,
				4273EBA624A60D9C00A868FD /* AttributionOperation.swift in Sources */,
				42EB08E524ACC5C900B07AAE /* ValidateAndTrackPurchaseOperation.swift in Sources */,
				426A29A4265E386D00EB0843 /* ConnectorsRegistry.swift in Sources */,
				421B713B2655660D00075968 /* FetchServicesParametersOperation.swift in Sources */,
				42CAC483265D1D2F000A0A71 /* APIConnnector.swift in Sources */,
				4294A20524A4CCC700F5FFD5 /* AppsFlyerConnector.swift in Sources */,
				4246449B24AB5E1B00C8B8D1 /* Service.swift in Sources */,
				421B712F2652AFEA00075968 /* DSL.swift in Sources */,
				4248EE1924A5EE60003E9CA6 /* AppodealConnector.swift in Sources */,
				4229F7D4264D15C60068E8D7 /* AdjustConnector.swift in Sources */,
				421B713926553ADC00075968 /* InitializeServiceOperation.swift in Sources */,
				4294A20E24A4DADE00F5FFD5 /* AsynchronousOperation.swift in Sources */,
				42FCD7BF266E072A00F8B83F /* CompletionOperation.swift in Sources */,
				421B7137265537F800075968 /* UIApplicationExtensions.swift in Sources */,
				4273EBA824A620AA00A868FD /* ProductTestSyncOperation.swift in Sources */,
				4294A20B24A4D7C100F5FFD5 /* AppConfiguration.swift in Sources */,
				421B71322655063600075968 /* ConsentManagerConnector.swift in Sources */,
				4294A21524A4DDAE00F5FFD5 /* PlatformConfiguration.swift in Sources */,
				42EB08E224ACBD0800B07AAE /* InternalServices.swift in Sources */,
			);
			runOnlyForDeploymentPostprocessing = 0;
		};
/* End PBXSourcesBuildPhase section */

/* Begin PBXTargetDependency section */
		42D4B47B2743AE290007D84E /* PBXTargetDependency */ = {
			isa = PBXTargetDependency;
			target = 4251BC462743ACB300EF2BDE /* AdjustPurchase */;
			targetProxy = 42D4B47A2743AE290007D84E /* PBXContainerItemProxy */;
		};
/* End PBXTargetDependency section */

/* Begin XCBuildConfiguration section */
		4251BC4E2743ACB300EF2BDE /* Debug */ = {
			isa = XCBuildConfiguration;
			buildSettings = {
				CLANG_CXX_LANGUAGE_STANDARD = "gnu++17";
				CODE_SIGN_STYLE = Automatic;
				CURRENT_PROJECT_VERSION = 1;
				DEFINES_MODULE = YES;
				DEVELOPMENT_TEAM = WG4VFF78ZM;
				DYLIB_COMPATIBILITY_VERSION = 1;
				DYLIB_CURRENT_VERSION = 1;
				DYLIB_INSTALL_NAME_BASE = "@rpath";
				GENERATE_INFOPLIST_FILE = YES;
				INFOPLIST_KEY_NSHumanReadableCopyright = "Copyright © 2021 com.appodeal. All rights reserved.";
				INSTALL_PATH = "$(LOCAL_LIBRARY_DIR)/Frameworks";
				IPHONEOS_DEPLOYMENT_TARGET = 15.0;
				LD_RUNPATH_SEARCH_PATHS = (
					"$(inherited)",
					"@executable_path/Frameworks",
					"@loader_path/Frameworks",
				);
				MARKETING_VERSION = 1.0;
				PRODUCT_BUNDLE_IDENTIFIER = com.appodeal.AdjustPurchase;
				PRODUCT_NAME = "$(TARGET_NAME:c99extidentifier)";
				SKIP_INSTALL = YES;
				SWIFT_EMIT_LOC_STRINGS = YES;
				TARGETED_DEVICE_FAMILY = "1,2";
			};
			name = Debug;
		};
		4251BC4F2743ACB300EF2BDE /* Release */ = {
			isa = XCBuildConfiguration;
			buildSettings = {
				CLANG_CXX_LANGUAGE_STANDARD = "gnu++17";
				CODE_SIGN_STYLE = Automatic;
				CURRENT_PROJECT_VERSION = 1;
				DEFINES_MODULE = YES;
				DEVELOPMENT_TEAM = WG4VFF78ZM;
				DYLIB_COMPATIBILITY_VERSION = 1;
				DYLIB_CURRENT_VERSION = 1;
				DYLIB_INSTALL_NAME_BASE = "@rpath";
				GENERATE_INFOPLIST_FILE = YES;
				INFOPLIST_KEY_NSHumanReadableCopyright = "Copyright © 2021 com.appodeal. All rights reserved.";
				INSTALL_PATH = "$(LOCAL_LIBRARY_DIR)/Frameworks";
				IPHONEOS_DEPLOYMENT_TARGET = 15.0;
				LD_RUNPATH_SEARCH_PATHS = (
					"$(inherited)",
					"@executable_path/Frameworks",
					"@loader_path/Frameworks",
				);
				MARKETING_VERSION = 1.0;
				PRODUCT_BUNDLE_IDENTIFIER = com.appodeal.AdjustPurchase;
				PRODUCT_NAME = "$(TARGET_NAME:c99extidentifier)";
				SKIP_INSTALL = YES;
				SWIFT_EMIT_LOC_STRINGS = YES;
				TARGETED_DEVICE_FAMILY = "1,2";
			};
			name = Release;
		};
		4294A1F124A4BE3200F5FFD5 /* Debug */ = {
			isa = XCBuildConfiguration;
			buildSettings = {
				ALWAYS_SEARCH_USER_PATHS = NO;
				CLANG_ANALYZER_NONNULL = YES;
				CLANG_ANALYZER_NUMBER_OBJECT_CONVERSION = YES_AGGRESSIVE;
				CLANG_CXX_LANGUAGE_STANDARD = "gnu++14";
				CLANG_CXX_LIBRARY = "libc++";
				CLANG_ENABLE_MODULES = YES;
				CLANG_ENABLE_OBJC_ARC = YES;
				CLANG_ENABLE_OBJC_WEAK = YES;
				CLANG_WARN_BLOCK_CAPTURE_AUTORELEASING = YES;
				CLANG_WARN_BOOL_CONVERSION = YES;
				CLANG_WARN_COMMA = YES;
				CLANG_WARN_CONSTANT_CONVERSION = YES;
				CLANG_WARN_DEPRECATED_OBJC_IMPLEMENTATIONS = YES;
				CLANG_WARN_DIRECT_OBJC_ISA_USAGE = YES_ERROR;
				CLANG_WARN_DOCUMENTATION_COMMENTS = YES;
				CLANG_WARN_EMPTY_BODY = YES;
				CLANG_WARN_ENUM_CONVERSION = YES;
				CLANG_WARN_INFINITE_RECURSION = YES;
				CLANG_WARN_INT_CONVERSION = YES;
				CLANG_WARN_NON_LITERAL_NULL_CONVERSION = YES;
				CLANG_WARN_OBJC_IMPLICIT_RETAIN_SELF = YES;
				CLANG_WARN_OBJC_LITERAL_CONVERSION = YES;
				CLANG_WARN_OBJC_ROOT_CLASS = YES_ERROR;
				CLANG_WARN_QUOTED_INCLUDE_IN_FRAMEWORK_HEADER = YES;
				CLANG_WARN_RANGE_LOOP_ANALYSIS = YES;
				CLANG_WARN_STRICT_PROTOTYPES = YES;
				CLANG_WARN_SUSPICIOUS_MOVE = YES;
				CLANG_WARN_UNGUARDED_AVAILABILITY = YES_AGGRESSIVE;
				CLANG_WARN_UNREACHABLE_CODE = YES;
				CLANG_WARN__DUPLICATE_METHOD_MATCH = YES;
				COPY_PHASE_STRIP = NO;
				CURRENT_PROJECT_VERSION = 1;
				DEBUG_INFORMATION_FORMAT = dwarf;
				ENABLE_STRICT_OBJC_MSGSEND = YES;
				ENABLE_TESTABILITY = YES;
				GCC_C_LANGUAGE_STANDARD = gnu11;
				GCC_DYNAMIC_NO_PIC = NO;
				GCC_NO_COMMON_BLOCKS = YES;
				GCC_OPTIMIZATION_LEVEL = 0;
				GCC_PREPROCESSOR_DEFINITIONS = (
					"DEBUG=1",
					"$(inherited)",
				);
				GCC_WARN_64_TO_32_BIT_CONVERSION = YES;
				GCC_WARN_ABOUT_RETURN_TYPE = YES_ERROR;
				GCC_WARN_UNDECLARED_SELECTOR = YES;
				GCC_WARN_UNINITIALIZED_AUTOS = YES_AGGRESSIVE;
				GCC_WARN_UNUSED_FUNCTION = YES;
				GCC_WARN_UNUSED_VARIABLE = YES;
				IPHONEOS_DEPLOYMENT_TARGET = 13.5;
				MTL_ENABLE_DEBUG_INFO = INCLUDE_SOURCE;
				MTL_FAST_MATH = YES;
				ONLY_ACTIVE_ARCH = YES;
				SDKROOT = iphoneos;
				SWIFT_ACTIVE_COMPILATION_CONDITIONS = DEBUG;
				SWIFT_OPTIMIZATION_LEVEL = "-Onone";
				VERSIONING_SYSTEM = "apple-generic";
				VERSION_INFO_PREFIX = "";
			};
			name = Debug;
		};
		4294A1F224A4BE3200F5FFD5 /* Release */ = {
			isa = XCBuildConfiguration;
			buildSettings = {
				ALWAYS_SEARCH_USER_PATHS = NO;
				CLANG_ANALYZER_NONNULL = YES;
				CLANG_ANALYZER_NUMBER_OBJECT_CONVERSION = YES_AGGRESSIVE;
				CLANG_CXX_LANGUAGE_STANDARD = "gnu++14";
				CLANG_CXX_LIBRARY = "libc++";
				CLANG_ENABLE_MODULES = YES;
				CLANG_ENABLE_OBJC_ARC = YES;
				CLANG_ENABLE_OBJC_WEAK = YES;
				CLANG_WARN_BLOCK_CAPTURE_AUTORELEASING = YES;
				CLANG_WARN_BOOL_CONVERSION = YES;
				CLANG_WARN_COMMA = YES;
				CLANG_WARN_CONSTANT_CONVERSION = YES;
				CLANG_WARN_DEPRECATED_OBJC_IMPLEMENTATIONS = YES;
				CLANG_WARN_DIRECT_OBJC_ISA_USAGE = YES_ERROR;
				CLANG_WARN_DOCUMENTATION_COMMENTS = YES;
				CLANG_WARN_EMPTY_BODY = YES;
				CLANG_WARN_ENUM_CONVERSION = YES;
				CLANG_WARN_INFINITE_RECURSION = YES;
				CLANG_WARN_INT_CONVERSION = YES;
				CLANG_WARN_NON_LITERAL_NULL_CONVERSION = YES;
				CLANG_WARN_OBJC_IMPLICIT_RETAIN_SELF = YES;
				CLANG_WARN_OBJC_LITERAL_CONVERSION = YES;
				CLANG_WARN_OBJC_ROOT_CLASS = YES_ERROR;
				CLANG_WARN_QUOTED_INCLUDE_IN_FRAMEWORK_HEADER = YES;
				CLANG_WARN_RANGE_LOOP_ANALYSIS = YES;
				CLANG_WARN_STRICT_PROTOTYPES = YES;
				CLANG_WARN_SUSPICIOUS_MOVE = YES;
				CLANG_WARN_UNGUARDED_AVAILABILITY = YES_AGGRESSIVE;
				CLANG_WARN_UNREACHABLE_CODE = YES;
				CLANG_WARN__DUPLICATE_METHOD_MATCH = YES;
				COPY_PHASE_STRIP = NO;
				CURRENT_PROJECT_VERSION = 1;
				DEBUG_INFORMATION_FORMAT = "dwarf-with-dsym";
				ENABLE_NS_ASSERTIONS = NO;
				ENABLE_STRICT_OBJC_MSGSEND = YES;
				GCC_C_LANGUAGE_STANDARD = gnu11;
				GCC_NO_COMMON_BLOCKS = YES;
				GCC_WARN_64_TO_32_BIT_CONVERSION = YES;
				GCC_WARN_ABOUT_RETURN_TYPE = YES_ERROR;
				GCC_WARN_UNDECLARED_SELECTOR = YES;
				GCC_WARN_UNINITIALIZED_AUTOS = YES_AGGRESSIVE;
				GCC_WARN_UNUSED_FUNCTION = YES;
				GCC_WARN_UNUSED_VARIABLE = YES;
				IPHONEOS_DEPLOYMENT_TARGET = 13.5;
				MTL_ENABLE_DEBUG_INFO = NO;
				MTL_FAST_MATH = YES;
				SDKROOT = iphoneos;
				SWIFT_COMPILATION_MODE = wholemodule;
				SWIFT_OPTIMIZATION_LEVEL = "-O";
				VALIDATE_PRODUCT = YES;
				VERSIONING_SYSTEM = "apple-generic";
				VERSION_INFO_PREFIX = "";
			};
			name = Release;
		};
		4294A1F424A4BE3200F5FFD5 /* Debug */ = {
			isa = XCBuildConfiguration;
			baseConfigurationReference = E009234B9C7CD0210F19C025 /* Pods-HolisticSolutionSDK.debug.xcconfig */;
			buildSettings = {
				CLANG_ENABLE_MODULES = YES;
				CODE_SIGN_STYLE = Automatic;
				DEFINES_MODULE = YES;
				DEVELOPMENT_TEAM = WG4VFF78ZM;
				DYLIB_COMPATIBILITY_VERSION = 1;
				DYLIB_CURRENT_VERSION = 1;
				DYLIB_INSTALL_NAME_BASE = "@rpath";
				INFOPLIST_FILE = HolisticSolutionSDK/Info.plist;
				INSTALL_PATH = "$(LOCAL_LIBRARY_DIR)/Frameworks";
				IPHONEOS_DEPLOYMENT_TARGET = 9.0;
				LD_RUNPATH_SEARCH_PATHS = (
					"$(inherited)",
					"@executable_path/Frameworks",
					"@loader_path/Frameworks",
				);
				MACH_O_TYPE = staticlib;
				PRODUCT_BUNDLE_IDENTIFIER = com.appodeal.HolisticSolutionSDK;
				PRODUCT_NAME = "$(TARGET_NAME:c99extidentifier)";
				SKIP_INSTALL = YES;
				SWIFT_OBJC_BRIDGING_HEADER = "";
				SWIFT_OPTIMIZATION_LEVEL = "-Onone";
				SWIFT_VERSION = 4.2;
				TARGETED_DEVICE_FAMILY = "1,2";
			};
			name = Debug;
		};
		4294A1F524A4BE3200F5FFD5 /* Release */ = {
			isa = XCBuildConfiguration;
			baseConfigurationReference = 5AE86170FC82EF84100DBEE5 /* Pods-HolisticSolutionSDK.release.xcconfig */;
			buildSettings = {
				CLANG_ENABLE_MODULES = YES;
				CODE_SIGN_STYLE = Automatic;
				DEFINES_MODULE = YES;
				DEVELOPMENT_TEAM = WG4VFF78ZM;
				DYLIB_COMPATIBILITY_VERSION = 1;
				DYLIB_CURRENT_VERSION = 1;
				DYLIB_INSTALL_NAME_BASE = "@rpath";
				INFOPLIST_FILE = HolisticSolutionSDK/Info.plist;
				INSTALL_PATH = "$(LOCAL_LIBRARY_DIR)/Frameworks";
				IPHONEOS_DEPLOYMENT_TARGET = 9.0;
				LD_RUNPATH_SEARCH_PATHS = (
					"$(inherited)",
					"@executable_path/Frameworks",
					"@loader_path/Frameworks",
				);
				MACH_O_TYPE = staticlib;
				PRODUCT_BUNDLE_IDENTIFIER = com.appodeal.HolisticSolutionSDK;
				PRODUCT_NAME = "$(TARGET_NAME:c99extidentifier)";
				SKIP_INSTALL = YES;
				SWIFT_OBJC_BRIDGING_HEADER = "";
				SWIFT_VERSION = 4.2;
				TARGETED_DEVICE_FAMILY = "1,2";
			};
			name = Release;
		};
/* End XCBuildConfiguration section */

/* Begin XCConfigurationList section */
		4251BC4D2743ACB300EF2BDE /* Build configuration list for PBXNativeTarget "AdjustPurchase" */ = {
			isa = XCConfigurationList;
			buildConfigurations = (
				4251BC4E2743ACB300EF2BDE /* Debug */,
				4251BC4F2743ACB300EF2BDE /* Release */,
			);
			defaultConfigurationIsVisible = 0;
			defaultConfigurationName = Release;
		};
		4294A1E524A4BE3200F5FFD5 /* Build configuration list for PBXProject "HolisticSolutionSDK" */ = {
			isa = XCConfigurationList;
			buildConfigurations = (
				4294A1F124A4BE3200F5FFD5 /* Debug */,
				4294A1F224A4BE3200F5FFD5 /* Release */,
			);
			defaultConfigurationIsVisible = 0;
			defaultConfigurationName = Release;
		};
		4294A1F324A4BE3200F5FFD5 /* Build configuration list for PBXNativeTarget "HolisticSolutionSDK" */ = {
			isa = XCConfigurationList;
			buildConfigurations = (
				4294A1F424A4BE3200F5FFD5 /* Debug */,
				4294A1F524A4BE3200F5FFD5 /* Release */,
			);
			defaultConfigurationIsVisible = 0;
			defaultConfigurationName = Release;
		};
/* End XCConfigurationList section */
	};
	rootObject = 4294A1E224A4BE3200F5FFD5 /* Project object */;
}
